# This file is generated by running "yarn install" inside your project.
# Manual changes might be lost - proceed with caution!

__metadata:
  version: 4
  cacheKey: 8

"rrjx@npm:^0.0.2":
  version: 0.0.2
  resolution: "rrjx@npm:0.0.2"
  checksum: cd23b6fab46f39a106e59d385747240678875090f082b2f8f947d17f96a11b815edf4bb3f371c3e82992df0e027773ffb4d6d48527c0c6535901e5d1d4ce43be
  languageName: node
  linkType: hard

"s3-key@workspace:.":
  version: 0.0.0-use.local
  resolution: "s3-key@workspace:."
  dependencies:
    rrjx: ^0.0.2
    typescript: ^4.4.2
  languageName: unknown
  linkType: soft

typescript@^4.4.2:
  version: 4.4.2
  resolution: "typescript@npm:4.4.2"
  bin:
    tsc: bin/tsc
    tsserver: bin/tsserver
  checksum: 194e08e9d1971d667d6fd1a0554616b7022312a2319d70e81a64e502a265992061ee7817ed9a69b52bbabe7a9b85e7938cb8c11c433e40a516b277f8c4dacd51
  languageName: node
  linkType: hard

"typescript@patch:typescript@^4.4.2#~builtin<compat/typescript>":
  version: 4.4.2
  resolution: "typescript@patch:typescript@npm%3A4.4.2#~builtin<compat/typescript>::version=4.4.2&hash=32657b"
  bin:
    tsc: bin/tsc
    tsserver: bin/tsserver
  checksum: 3109ae25705746996007161cdd3271857db4f40356b894e34d4cabc216bf9e251f53e0bb6e48df2450b5e3fd948dcbee716a616a4ad4cf7251292025e6163cb1
  languageName: node
  linkType: hard
