# This file is generated by running "yarn install" inside your project.
# Manual changes might be lost - proceed with caution!

__metadata:
  version: 4
  cacheKey: 8

"rrjx@npm:^0.1.1":
  version: 0.1.1
  resolution: "rrjx@npm:0.1.1"
  checksum: 7288e26f5e1bfb75bb6225d1d1228b11610a80e49f081be96509e2757e9983477e93070e84573417b529bac0f824caec302165f5187edb89ed8487851a8a7373
  languageName: node
  linkType: hard

"s3-key@workspace:.":
  version: 0.0.0-use.local
  resolution: "s3-key@workspace:."
  dependencies:
    rrjx: ^0.1.1
    typescript: ^4.4.2
  languageName: unknown
  linkType: soft

typescript@^4.4.2:
  version: 4.4.2
  resolution: "typescript@npm:4.4.2"
  bin:
    tsc: bin/tsc
    tsserver: bin/tsserver
  checksum: 194e08e9d1971d667d6fd1a0554616b7022312a2319d70e81a64e502a265992061ee7817ed9a69b52bbabe7a9b85e7938cb8c11c433e40a516b277f8c4dacd51
  languageName: node
  linkType: hard

"typescript@patch:typescript@^4.4.2#~builtin<compat/typescript>":
  version: 4.4.2
  resolution: "typescript@patch:typescript@npm%3A4.4.2#~builtin<compat/typescript>::version=4.4.2&hash=32657b"
  bin:
    tsc: bin/tsc
    tsserver: bin/tsserver
  checksum: 3109ae25705746996007161cdd3271857db4f40356b894e34d4cabc216bf9e251f53e0bb6e48df2450b5e3fd948dcbee716a616a4ad4cf7251292025e6163cb1
  languageName: node
  linkType: hard
